// !$*UTF8*$!
{
	archiveVersion = 1;
	classes = {
	};
	objectVersion = 50;
	objects = {

/* Begin PBXBuildFile section */
		6A2EC30E25EEC042001A361E /* AppDelegate.swift in Sources */ = {isa = PBXBuildFile; fileRef = 6A2EC30D25EEC042001A361E /* AppDelegate.swift */; };
		6A2EC31025EEC042001A361E /* SceneDelegate.swift in Sources */ = {isa = PBXBuildFile; fileRef = 6A2EC30F25EEC042001A361E /* SceneDelegate.swift */; };
		6A2EC31225EEC042001A361E /* RedViewController.swift in Sources */ = {isa = PBXBuildFile; fileRef = 6A2EC31125EEC042001A361E /* RedViewController.swift */; };
		6A2EC31525EEC042001A361E /* Main.storyboard in Resources */ = {isa = PBXBuildFile; fileRef = 6A2EC31325EEC042001A361E /* Main.storyboard */; };
		6A2EC31725EEC044001A361E /* Assets.xcassets in Resources */ = {isa = PBXBuildFile; fileRef = 6A2EC31625EEC044001A361E /* Assets.xcassets */; };
		6A2EC31A25EEC044001A361E /* LaunchScreen.storyboard in Resources */ = {isa = PBXBuildFile; fileRef = 6A2EC31825EEC044001A361E /* LaunchScreen.storyboard */; };
		6A3B3F6C25EFB06D00E90AE0 /* OrangeViewController.swift in Sources */ = {isa = PBXBuildFile; fileRef = 6A3B3F6B25EFB06D00E90AE0 /* OrangeViewController.swift */; };
		6A3B3F7025EFB15200E90AE0 /* YellowViewController.swift in Sources */ = {isa = PBXBuildFile; fileRef = 6A3B3F6F25EFB15200E90AE0 /* YellowViewController.swift */; };
		6A3B3F7325EFB16900E90AE0 /* GreenViewController.swift in Sources */ = {isa = PBXBuildFile; fileRef = 6A3B3F7225EFB16900E90AE0 /* GreenViewController.swift */; };
		6A3B3F7625EFB17900E90AE0 /* BlueViewController.swift in Sources */ = {isa = PBXBuildFile; fileRef = 6A3B3F7525EFB17900E90AE0 /* BlueViewController.swift */; };
		6A3B3F7A25EFB18B00E90AE0 /* PurpleViewController.swift in Sources */ = {isa = PBXBuildFile; fileRef = 6A3B3F7925EFB18B00E90AE0 /* PurpleViewController.swift */; };
/* End PBXBuildFile section */

/* Begin PBXFileReference section */
		6A2EC30A25EEC042001A361E /* RainbowTabs.app */ = {isa = PBXFileReference; explicitFileType = wrapper.application; includeInIndex = 0; path = RainbowTabs.app; sourceTree = BUILT_PRODUCTS_DIR; };
		6A2EC30D25EEC042001A361E /* AppDelegate.swift */ = {isa = PBXFileReference; lastKnownFileType = sourcecode.swift; path = AppDelegate.swift; sourceTree = "<group>"; };
		6A2EC30F25EEC042001A361E /* SceneDelegate.swift */ = {isa = PBXFileReference; lastKnownFileType = sourcecode.swift; path = SceneDelegate.swift; sourceTree = "<group>"; };
		6A2EC31125EEC042001A361E /* RedViewController.swift */ = {isa = PBXFileReference; lastKnownFileType = sourcecode.swift; path = RedViewController.swift; sourceTree = "<group>"; };
		6A2EC31425EEC042001A361E /* Base */ = {isa = PBXFileReference; lastKnownFileType = file.storyboard; name = Base; path = Base.lproj/Main.storyboard; sourceTree = "<group>"; };
		6A2EC31625EEC044001A361E /* Assets.xcassets */ = {isa = PBXFileReference; lastKnownFileType = folder.assetcatalog; path = Assets.xcassets; sourceTree = "<group>"; };
		6A2EC31925EEC044001A361E /* Base */ = {isa = PBXFileReference; lastKnownFileType = file.storyboard; name = Base; path = Base.lproj/LaunchScreen.storyboard; sourceTree = "<group>"; };
		6A2EC31B25EEC044001A361E /* Info.plist */ = {isa = PBXFileReference; lastKnownFileType = text.plist.xml; path = Info.plist; sourceTree = "<group>"; };
		6A3B3F6B25EFB06D00E90AE0 /* OrangeViewController.swift */ = {isa = PBXFileReference; lastKnownFileType = sourcecode.swift; path = OrangeViewController.swift; sourceTree = "<group>"; };
		6A3B3F6F25EFB15200E90AE0 /* YellowViewController.swift */ = {isa = PBXFileReference; lastKnownFileType = sourcecode.swift; path = YellowViewController.swift; sourceTree = "<group>"; };
		6A3B3F7225EFB16900E90AE0 /* GreenViewController.swift */ = {isa = PBXFileReference; lastKnownFileType = sourcecode.swift; path = GreenViewController.swift; sourceTree = "<group>"; };
		6A3B3F7525EFB17900E90AE0 /* BlueViewController.swift */ = {isa = PBXFileReference; lastKnownFileType = sourcecode.swift; path = BlueViewController.swift; sourceTree = "<group>"; };
		6A3B3F7925EFB18B00E90AE0 /* PurpleViewController.swift */ = {isa = PBXFileReference; lastKnownFileType = sourcecode.swift; path = PurpleViewController.swift; sourceTree = "<group>"; };
/* End PBXFileReference section */

/* Begin PBXFrameworksBuildPhase section */
		6A2EC30725EEC042001A361E /* Frameworks */ = {
			isa = PBXFrameworksBuildPhase;
			buildActionMask = 2147483647;
			files = (
			);
			runOnlyForDeploymentPostprocessing = 0;
		};
/* End PBXFrameworksBuildPhase section */

/* Begin PBXGroup section */
		6A2EC30125EEC042001A361E = {
			isa = PBXGroup;
			children = (
				6A2EC30C25EEC042001A361E /* RainbowTabs */,
				6A2EC30B25EEC042001A361E /* Products */,
			);
			sourceTree = "<group>";
		};
		6A2EC30B25EEC042001A361E /* Products */ = {
			isa = PBXGroup;
			children = (
				6A2EC30A25EEC042001A361E /* RainbowTabs.app */,
			);
			name = Products;
			sourceTree = "<group>";
		};
		6A2EC30C25EEC042001A361E /* RainbowTabs */ = {
			isa = PBXGroup;
			children = (
				6A2EC30D25EEC042001A361E /* AppDelegate.swift */,
				6A2EC30F25EEC042001A361E /* SceneDelegate.swift */,
				6A2EC31125EEC042001A361E /* RedViewController.swift */,
				6A3B3F6B25EFB06D00E90AE0 /* OrangeViewController.swift */,
				6A3B3F6F25EFB15200E90AE0 /* YellowViewController.swift */,
				6A3B3F7225EFB16900E90AE0 /* GreenViewController.swift */,
				6A3B3F7525EFB17900E90AE0 /* BlueViewController.swift */,
				6A3B3F7925EFB18B00E90AE0 /* PurpleViewController.swift */,
				6A2EC31325EEC042001A361E /* Main.storyboard */,
				6A2EC31625EEC044001A361E /* Assets.xcassets */,
				6A2EC31825EEC044001A361E /* LaunchScreen.storyboard */,
				6A2EC31B25EEC044001A361E /* Info.plist */,
			);
			path = RainbowTabs;
			sourceTree = "<group>";
		};
/* End PBXGroup section */

/* Begin PBXNativeTarget section */
		6A2EC30925EEC042001A361E /* RainbowTabs */ = {
			isa = PBXNativeTarget;
			buildConfigurationList = 6A2EC31E25EEC044001A361E /* Build configuration list for PBXNativeTarget "RainbowTabs" */;
			buildPhases = (
				6A2EC30625EEC042001A361E /* Sources */,
				6A2EC30725EEC042001A361E /* Frameworks */,
				6A2EC30825EEC042001A361E /* Resources */,
			);
			buildRules = (
			);
			dependencies = (
			);
			name = RainbowTabs;
			productName = RainbowTabs;
			productReference = 6A2EC30A25EEC042001A361E /* RainbowTabs.app */;
			productType = "com.apple.product-type.application";
		};
/* End PBXNativeTarget section */

/* Begin PBXProject section */
		6A2EC30225EEC042001A361E /* Project object */ = {
			isa = PBXProject;
			attributes = {
				LastSwiftUpdateCheck = 1230;
				LastUpgradeCheck = 1230;
				TargetAttributes = {
					6A2EC30925EEC042001A361E = {
						CreatedOnToolsVersion = 12.3;
					};
				};
			};
			buildConfigurationList = 6A2EC30525EEC042001A361E /* Build configuration list for PBXProject "RainbowTabs" */;
			compatibilityVersion = "Xcode 9.3";
			developmentRegion = en;
			hasScannedForEncodings = 0;
			knownRegions = (
				en,
				Base,
			);
			mainGroup = 6A2EC30125EEC042001A361E;
			productRefGroup = 6A2EC30B25EEC042001A361E /* Products */;
			projectDirPath = "";
			projectRoot = "";
			targets = (
				6A2EC30925EEC042001A361E /* RainbowTabs */,
			);
		};
/* End PBXProject section */

/* Begin PBXResourcesBuildPhase section */
		6A2EC30825EEC042001A361E /* Resources */ = {
			isa = PBXResourcesBuildPhase;
			buildActionMask = 2147483647;
			files = (
				6A2EC31A25EEC044001A361E /* LaunchScreen.storyboard in Resources */,
				6A2EC31725EEC044001A361E /* Assets.xcassets in Resources */,
				6A2EC31525EEC042001A361E /* Main.storyboard in Resources */,
			);
			runOnlyForDeploymentPostprocessing = 0;
		};
/* End PBXResourcesBuildPhase section */

/* Begin PBXSourcesBuildPhase section */
		6A2EC30625EEC042001A361E /* Sources */ = {
			isa = PBXSourcesBuildPhase;
			buildActionMask = 2147483647;
			files = (
				6A3B3F7325EFB16900E90AE0 /* GreenViewController.swift in Sources */,
				6A3B3F6C25EFB06D00E90AE0 /* OrangeViewController.swift in Sources */,
				6A2EC31225EEC042001A361E /* RedViewController.swift in Sources */,
				6A2EC30E25EEC042001A361E /* AppDelegate.swift in Sources */,
				6A3B3F7A25EFB18B00E90AE0 /* PurpleViewController.swift in Sources */,
				6A2EC31025EEC042001A361E /* SceneDelegate.swift in Sources */,
				6A3B3F7025EFB15200E90AE0 /* YellowViewController.swift in Sources */,
				6A3B3F7625EFB17900E90AE0 /* BlueViewController.swift in Sources */,
			);
			runOnlyForDeploymentPostprocessing = 0;
		};
/* End PBXSourcesBuildPhase section */

/* Begin PBXVariantGroup section */
		6A2EC31325EEC042001A361E /* Main.storyboard */ = {
			isa = PBXVariantGroup;
			children = (
				6A2EC31425EEC042001A361E /* Base */,
			);
			name = Main.storyboard;
			sourceTree = "<group>";
		};
		6A2EC31825EEC044001A361E /* LaunchScreen.storyboard */ = {
			isa = PBXVariantGroup;
			children = (
				6A2EC31925EEC044001A361E /* Base */,
			);
			name = LaunchScreen.storyboard;
			sourceTree = "<group>";
		};
/* End PBXVariantGroup section */

/* Begin XCBuildConfiguration section */
		6A2EC31C25EEC044001A361E /* Debug */ = {
			isa = XCBuildConfiguration;
			buildSettings = {
				ALWAYS_SEARCH_USER_PATHS = NO;
				CLANG_ANALYZER_NONNULL = YES;
				CLANG_ANALYZER_NUMBER_OBJECT_CONVERSION = YES_AGGRESSIVE;
				CLANG_CXX_LANGUAGE_STANDARD = "gnu++14";
				CLANG_CXX_LIBRARY = "libc++";
				CLANG_ENABLE_MODULES = YES;
				CLANG_ENABLE_OBJC_ARC = YES;
				CLANG_ENABLE_OBJC_WEAK = YES;
				CLANG_WARN_BLOCK_CAPTURE_AUTORELEASING = YES;
				CLANG_WARN_BOOL_CONVERSION = YES;
				CLANG_WARN_COMMA = YES;
				CLANG_WARN_CONSTANT_CONVERSION = YES;
				CLANG_WARN_DEPRECATED_OBJC_IMPLEMENTATIONS = YES;
				CLANG_WARN_DIRECT_OBJC_ISA_USAGE = YES_ERROR;
				CLANG_WARN_DOCUMENTATION_COMMENTS = YES;
				CLANG_WARN_EMPTY_BODY = YES;
				CLANG_WARN_ENUM_CONVERSION = YES;
				CLANG_WARN_INFINITE_RECURSION = YES;
				CLANG_WARN_INT_CONVERSION = YES;
				CLANG_WARN_NON_LITERAL_NULL_CONVERSION = YES;
				CLANG_WARN_OBJC_IMPLICIT_RETAIN_SELF = YES;
				CLANG_WARN_OBJC_LITERAL_CONVERSION = YES;
				CLANG_WARN_OBJC_ROOT_CLASS = YES_ERROR;
				CLANG_WARN_QUOTED_INCLUDE_IN_FRAMEWORK_HEADER = YES;
				CLANG_WARN_RANGE_LOOP_ANALYSIS = YES;
				CLANG_WARN_STRICT_PROTOTYPES = YES;
				CLANG_WARN_SUSPICIOUS_MOVE = YES;
				CLANG_WARN_UNGUARDED_AVAILABILITY = YES_AGGRESSIVE;
				CLANG_WARN_UNREACHABLE_CODE = YES;
				CLANG_WARN__DUPLICATE_METHOD_MATCH = YES;
				COPY_PHASE_STRIP = NO;
				DEBUG_INFORMATION_FORMAT = dwarf;
				ENABLE_STRICT_OBJC_MSGSEND = YES;
				ENABLE_TESTABILITY = YES;
				GCC_C_LANGUAGE_STANDARD = gnu11;
				GCC_DYNAMIC_NO_PIC = NO;
				GCC_NO_COMMON_BLOCKS = YES;
				GCC_OPTIMIZATION_LEVEL = 0;
				GCC_PREPROCESSOR_DEFINITIONS = (
					"DEBUG=1",
					"$(inherited)",
				);
				GCC_WARN_64_TO_32_BIT_CONVERSION = YES;
				GCC_WARN_ABOUT_RETURN_TYPE = YES_ERROR;
				GCC_WARN_UNDECLARED_SELECTOR = YES;
				GCC_WARN_UNINITIALIZED_AUTOS = YES_AGGRESSIVE;
				GCC_WARN_UNUSED_FUNCTION = YES;
				GCC_WARN_UNUSED_VARIABLE = YES;
				IPHONEOS_DEPLOYMENT_TARGET = 14.3;
				MTL_ENABLE_DEBUG_INFO = INCLUDE_SOURCE;
				MTL_FAST_MATH = YES;
				ONLY_ACTIVE_ARCH = YES;
				SDKROOT = iphoneos;
				SWIFT_ACTIVE_COMPILATION_CONDITIONS = DEBUG;
				SWIFT_OPTIMIZATION_LEVEL = "-Onone";
			};
			name = Debug;
		};
		6A2EC31D25EEC044001A361E /* Release */ = {
			isa = XCBuildConfiguration;
			buildSettings = {
				ALWAYS_SEARCH_USER_PATHS = NO;
				CLANG_ANALYZER_NONNULL = YES;
				CLANG_ANALYZER_NUMBER_OBJECT_CONVERSION = YES_AGGRESSIVE;
				CLANG_CXX_LANGUAGE_STANDARD = "gnu++14";
				CLANG_CXX_LIBRARY = "libc++";
				CLANG_ENABLE_MODULES = YES;
				CLANG_ENABLE_OBJC_ARC = YES;
				CLANG_ENABLE_OBJC_WEAK = YES;
				CLANG_WARN_BLOCK_CAPTURE_AUTORELEASING = YES;
				CLANG_WARN_BOOL_CONVERSION = YES;
				CLANG_WARN_COMMA = YES;
				CLANG_WARN_CONSTANT_CONVERSION = YES;
				CLANG_WARN_DEPRECATED_OBJC_IMPLEMENTATIONS = YES;
				CLANG_WARN_DIRECT_OBJC_ISA_USAGE = YES_ERROR;
				CLANG_WARN_DOCUMENTATION_COMMENTS = YES;
				CLANG_WARN_EMPTY_BODY = YES;
				CLANG_WARN_ENUM_CONVERSION = YES;
				CLANG_WARN_INFINITE_RECURSION = YES;
				CLANG_WARN_INT_CONVERSION = YES;
				CLANG_WARN_NON_LITERAL_NULL_CONVERSION = YES;
				CLANG_WARN_OBJC_IMPLICIT_RETAIN_SELF = YES;
				CLANG_WARN_OBJC_LITERAL_CONVERSION = YES;
				CLANG_WARN_OBJC_ROOT_CLASS = YES_ERROR;
				CLANG_WARN_QUOTED_INCLUDE_IN_FRAMEWORK_HEADER = YES;
				CLANG_WARN_RANGE_LOOP_ANALYSIS = YES;
				CLANG_WARN_STRICT_PROTOTYPES = YES;
				CLANG_WARN_SUSPICIOUS_MOVE = YES;
				CLANG_WARN_UNGUARDED_AVAILABILITY = YES_AGGRESSIVE;
				CLANG_WARN_UNREACHABLE_CODE = YES;
				CLANG_WARN__DUPLICATE_METHOD_MATCH = YES;
				COPY_PHASE_STRIP = NO;
				DEBUG_INFORMATION_FORMAT = "dwarf-with-dsym";
				ENABLE_NS_ASSERTIONS = NO;
				ENABLE_STRICT_OBJC_MSGSEND = YES;
				GCC_C_LANGUAGE_STANDARD = gnu11;
				GCC_NO_COMMON_BLOCKS = YES;
				GCC_WARN_64_TO_32_BIT_CONVERSION = YES;
				GCC_WARN_ABOUT_RETURN_TYPE = YES_ERROR;
				GCC_WARN_UNDECLARED_SELECTOR = YES;
				GCC_WARN_UNINITIALIZED_AUTOS = YES_AGGRESSIVE;
				GCC_WARN_UNUSED_FUNCTION = YES;
				GCC_WARN_UNUSED_VARIABLE = YES;
				IPHONEOS_DEPLOYMENT_TARGET = 14.3;
				MTL_ENABLE_DEBUG_INFO = NO;
				MTL_FAST_MATH = YES;
				SDKROOT = iphoneos;
				SWIFT_COMPILATION_MODE = wholemodule;
				SWIFT_OPTIMIZATION_LEVEL = "-O";
				VALIDATE_PRODUCT = YES;
			};
			name = Release;
		};
		6A2EC31F25EEC044001A361E /* Debug */ = {
			isa = XCBuildConfiguration;
			buildSettings = {
				ASSETCATALOG_COMPILER_APPICON_NAME = AppIcon;
				ASSETCATALOG_COMPILER_GLOBAL_ACCENT_COLOR_NAME = AccentColor;
				CODE_SIGN_STYLE = Automatic;
				INFOPLIST_FILE = RainbowTabs/Info.plist;
				LD_RUNPATH_SEARCH_PATHS = (
					"$(inherited)",
					"@executable_path/Frameworks",
				);
				PRODUCT_BUNDLE_IDENTIFIER = exemplo.com.RainbowTabs;
				PRODUCT_NAME = "$(TARGET_NAME)";
				SWIFT_VERSION = 5.0;
				TARGETED_DEVICE_FAMILY = "1,2";
			};
			name = Debug;
		};
		6A2EC32025EEC044001A361E /* Release */ = {
			isa = XCBuildConfiguration;
			buildSettings = {
				ASSETCATALOG_COMPILER_APPICON_NAME = AppIcon;
				ASSETCATALOG_COMPILER_GLOBAL_ACCENT_COLOR_NAME = AccentColor;
				CODE_SIGN_STYLE = Automatic;
				INFOPLIST_FILE = RainbowTabs/Info.plist;
				LD_RUNPATH_SEARCH_PATHS = (
					"$(inherited)",
					"@executable_path/Frameworks",
				);
				PRODUCT_BUNDLE_IDENTIFIER = exemplo.com.RainbowTabs;
				PRODUCT_NAME = "$(TARGET_NAME)";
				SWIFT_VERSION = 5.0;
				TARGETED_DEVICE_FAMILY = "1,2";
			};
			name = Release;
		};
/* End XCBuildConfiguration section */

/* Begin XCConfigurationList section */
		6A2EC30525EEC042001A361E /* Build configuration list for PBXProject "RainbowTabs" */ = {
			isa = XCConfigurationList;
			buildConfigurations = (
				6A2EC31C25EEC044001A361E /* Debug */,
				6A2EC31D25EEC044001A361E /* Release */,
			);
			defaultConfigurationIsVisible = 0;
			defaultConfigurationName = Release;
		};
		6A2EC31E25EEC044001A361E /* Build configuration list for PBXNativeTarget "RainbowTabs" */ = {
			isa = XCConfigurationList;
			buildConfigurations = (
				6A2EC31F25EEC044001A361E /* Debug */,
				6A2EC32025EEC044001A361E /* Release */,
			);
			defaultConfigurationIsVisible = 0;
			defaultConfigurationName = Release;
		};
/* End XCConfigurationList section */
	};
	rootObject = 6A2EC30225EEC042001A361E /* Project object */;
}
